// !$*UTF8*$!
{
	archiveVersion = 1;
	classes = {
	};
	objectVersion = 77;
	objects = {

/* Begin PBXContainerItemProxy section */
		606CA8352E85DC0C00D5B4A1 /* PBXContainerItemProxy */ = {
			isa = PBXContainerItemProxy;
			containerPortal = 606CA81F2E85DC0800D5B4A1 /* Project object */;
			proxyType = 1;
			remoteGlobalIDString = 606CA8262E85DC0800D5B4A1;
			remoteInfo = "animation project";
		};
		606CA83F2E85DC0C00D5B4A1 /* PBXContainerItemProxy */ = {
			isa = PBXContainerItemProxy;
			containerPortal = 606CA81F2E85DC0800D5B4A1 /* Project object */;
			proxyType = 1;
			remoteGlobalIDString = 606CA8262E85DC0800D5B4A1;
			remoteInfo = "animation project";
		};
/* End PBXContainerItemProxy section */

/* Begin PBXFileReference section */
		606CA8272E85DC0800D5B4A1 /* animation project.app */ = {isa = PBXFileReference; explicitFileType = wrapper.application; includeInIndex = 0; path = "animation project.app"; sourceTree = BUILT_PRODUCTS_DIR; };
		606CA8342E85DC0C00D5B4A1 /* animation projectTests.xctest */ = {isa = PBXFileReference; explicitFileType = wrapper.cfbundle; includeInIndex = 0; path = "animation projectTests.xctest"; sourceTree = BUILT_PRODUCTS_DIR; };
		606CA83E2E85DC0C00D5B4A1 /* animation projectUITests.xctest */ = {isa = PBXFileReference; explicitFileType = wrapper.cfbundle; includeInIndex = 0; path = "animation projectUITests.xctest"; sourceTree = BUILT_PRODUCTS_DIR; };
/* End PBXFileReference section */

/* Begin PBXFileSystemSynchronizedRootGroup section */
		606CA8292E85DC0800D5B4A1 /* animation project */ = {
			isa = PBXFileSystemSynchronizedRootGroup;
			path = "animation project";
			sourceTree = "<group>";
		};
		606CA8372E85DC0C00D5B4A1 /* animation projectTests */ = {
			isa = PBXFileSystemSynchronizedRootGroup;
			path = "animation projectTests";
			sourceTree = "<group>";
		};
		606CA8412E85DC0C00D5B4A1 /* animation projectUITests */ = {
			isa = PBXFileSystemSynchronizedRootGroup;
			path = "animation projectUITests";
			sourceTree = "<group>";
		};
/* End PBXFileSystemSynchronizedRootGroup section */

/* Begin PBXFrameworksBuildPhase section */
		606CA8242E85DC0800D5B4A1 /* Frameworks */ = {
			isa = PBXFrameworksBuildPhase;
			buildActionMask = 2147483647;
			files = (
			);
			runOnlyForDeploymentPostprocessing = 0;
		};
		606CA8312E85DC0C00D5B4A1 /* Frameworks */ = {
			isa = PBXFrameworksBuildPhase;
			buildActionMask = 2147483647;
			files = (
			);
			runOnlyForDeploymentPostprocessing = 0;
		};
		606CA83B2E85DC0C00D5B4A1 /* Frameworks */ = {
			isa = PBXFrameworksBuildPhase;
			buildActionMask = 2147483647;
			files = (
			);
			runOnlyForDeploymentPostprocessing = 0;
		};
/* End PBXFrameworksBuildPhase section */

/* Begin PBXGroup section */
		606CA81E2E85DC0800D5B4A1 = {
			isa = PBXGroup;
			children = (
				606CA8292E85DC0800D5B4A1 /* animation project */,
				606CA8372E85DC0C00D5B4A1 /* animation projectTests */,
				606CA8412E85DC0C00D5B4A1 /* animation projectUITests */,
				606CA8282E85DC0800D5B4A1 /* Products */,
			);
			sourceTree = "<group>";
		};
		606CA8282E85DC0800D5B4A1 /* Products */ = {
			isa = PBXGroup;
			children = (
				606CA8272E85DC0800D5B4A1 /* animation project.app */,
				606CA8342E85DC0C00D5B4A1 /* animation projectTests.xctest */,
				606CA83E2E85DC0C00D5B4A1 /* animation projectUITests.xctest */,
			);
			name = Products;
			sourceTree = "<group>";
		};
/* End PBXGroup section */

/* Begin PBXNativeTarget section */
		606CA8262E85DC0800D5B4A1 /* animation project */ = {
			isa = PBXNativeTarget;
			buildConfigurationList = 606CA8482E85DC0C00D5B4A1 /* Build configuration list for PBXNativeTarget "animation project" */;
			buildPhases = (
				606CA8232E85DC0800D5B4A1 /* Sources */,
				606CA8242E85DC0800D5B4A1 /* Frameworks */,
				606CA8252E85DC0800D5B4A1 /* Resources */,
			);
			buildRules = (
			);
			dependencies = (
			);
			fileSystemSynchronizedGroups = (
				606CA8292E85DC0800D5B4A1 /* animation project */,
			);
			name = "animation project";
			packageProductDependencies = (
			);
			productName = "animation project";
			productReference = 606CA8272E85DC0800D5B4A1 /* animation project.app */;
			productType = "com.apple.product-type.application";
		};
		606CA8332E85DC0C00D5B4A1 /* animation projectTests */ = {
			isa = PBXNativeTarget;
			buildConfigurationList = 606CA84B2E85DC0C00D5B4A1 /* Build configuration list for PBXNativeTarget "animation projectTests" */;
			buildPhases = (
				606CA8302E85DC0C00D5B4A1 /* Sources */,
				606CA8312E85DC0C00D5B4A1 /* Frameworks */,
				606CA8322E85DC0C00D5B4A1 /* Resources */,
			);
			buildRules = (
			);
			dependencies = (
				606CA8362E85DC0C00D5B4A1 /* PBXTargetDependency */,
			);
			fileSystemSynchronizedGroups = (
				606CA8372E85DC0C00D5B4A1 /* animation projectTests */,
			);
			name = "animation projectTests";
			packageProductDependencies = (
			);
			productName = "animation projectTests";
			productReference = 606CA8342E85DC0C00D5B4A1 /* animation projectTests.xctest */;
			productType = "com.apple.product-type.bundle.unit-test";
		};
		606CA83D2E85DC0C00D5B4A1 /* animation projectUITests */ = {
			isa = PBXNativeTarget;
			buildConfigurationList = 606CA84E2E85DC0C00D5B4A1 /* Build configuration list for PBXNativeTarget "animation projectUITests" */;
			buildPhases = (
				606CA83A2E85DC0C00D5B4A1 /* Sources */,
				606CA83B2E85DC0C00D5B4A1 /* Frameworks */,
				606CA83C2E85DC0C00D5B4A1 /* Resources */,
			);
			buildRules = (
			);
			dependencies = (
				606CA8402E85DC0C00D5B4A1 /* PBXTargetDependency */,
			);
			fileSystemSynchronizedGroups = (
				606CA8412E85DC0C00D5B4A1 /* animation projectUITests */,
			);
			name = "animation projectUITests";
			packageProductDependencies = (
			);
			productName = "animation projectUITests";
			productReference = 606CA83E2E85DC0C00D5B4A1 /* animation projectUITests.xctest */;
			productType = "com.apple.product-type.bundle.ui-testing";
		};
/* End PBXNativeTarget section */

/* Begin PBXProject section */
		606CA81F2E85DC0800D5B4A1 /* Project object */ = {
			isa = PBXProject;
			attributes = {
				BuildIndependentTargetsInParallel = 1;
				LastSwiftUpdateCheck = 1640;
				LastUpgradeCheck = 1640;
				TargetAttributes = {
					606CA8262E85DC0800D5B4A1 = {
						CreatedOnToolsVersion = 16.4;
					};
					606CA8332E85DC0C00D5B4A1 = {
						CreatedOnToolsVersion = 16.4;
						TestTargetID = 606CA8262E85DC0800D5B4A1;
					};
					606CA83D2E85DC0C00D5B4A1 = {
						CreatedOnToolsVersion = 16.4;
						TestTargetID = 606CA8262E85DC0800D5B4A1;
					};
				};
			};
			buildConfigurationList = 606CA8222E85DC0800D5B4A1 /* Build configuration list for PBXProject "animation project" */;
			developmentRegion = en;
			hasScannedForEncodings = 0;
			knownRegions = (
				en,
				Base,
			);
			mainGroup = 606CA81E2E85DC0800D5B4A1;
			minimizedProjectReferenceProxies = 1;
			preferredProjectObjectVersion = 77;
			productRefGroup = 606CA8282E85DC0800D5B4A1 /* Products */;
			projectDirPath = "";
			projectRoot = "";
			targets = (
				606CA8262E85DC0800D5B4A1 /* animation project */,
				606CA8332E85DC0C00D5B4A1 /* animation projectTests */,
				606CA83D2E85DC0C00D5B4A1 /* animation projectUITests */,
			);
		};
/* End PBXProject section */

/* Begin PBXResourcesBuildPhase section */
		606CA8252E85DC0800D5B4A1 /* Resources */ = {
			isa = PBXResourcesBuildPhase;
			buildActionMask = 2147483647;
			files = (
			);
			runOnlyForDeploymentPostprocessing = 0;
		};
		606CA8322E85DC0C00D5B4A1 /* Resources */ = {
			isa = PBXResourcesBuildPhase;
			buildActionMask = 2147483647;
			files = (
			);
			runOnlyForDeploymentPostprocessing = 0;
		};
		606CA83C2E85DC0C00D5B4A1 /* Resources */ = {
			isa = PBXResourcesBuildPhase;
			buildActionMask = 2147483647;
			files = (
			);
			runOnlyForDeploymentPostprocessing = 0;
		};
/* End PBXResourcesBuildPhase section */

/* Begin PBXSourcesBuildPhase section */
		606CA8232E85DC0800D5B4A1 /* Sources */ = {
			isa = PBXSourcesBuildPhase;
			buildActionMask = 2147483647;
			files = (
			);
			runOnlyForDeploymentPostprocessing = 0;
		};
		606CA8302E85DC0C00D5B4A1 /* Sources */ = {
			isa = PBXSourcesBuildPhase;
			buildActionMask = 2147483647;
			files = (
			);
			runOnlyForDeploymentPostprocessing = 0;
		};
		606CA83A2E85DC0C00D5B4A1 /* Sources */ = {
			isa = PBXSourcesBuildPhase;
			buildActionMask = 2147483647;
			files = (
			);
			runOnlyForDeploymentPostprocessing = 0;
		};
/* End PBXSourcesBuildPhase section */

/* Begin PBXTargetDependency section */
		606CA8362E85DC0C00D5B4A1 /* PBXTargetDependency */ = {
			isa = PBXTargetDependency;
			target = 606CA8262E85DC0800D5B4A1 /* animation project */;
			targetProxy = 606CA8352E85DC0C00D5B4A1 /* PBXContainerItemProxy */;
		};
		606CA8402E85DC0C00D5B4A1 /* PBXTargetDependency */ = {
			isa = PBXTargetDependency;
			target = 606CA8262E85DC0800D5B4A1 /* animation project */;
			targetProxy = 606CA83F2E85DC0C00D5B4A1 /* PBXContainerItemProxy */;
		};
/* End PBXTargetDependency section */

/* Begin XCBuildConfiguration section */
		606CA8462E85DC0C00D5B4A1 /* Debug */ = {
			isa = XCBuildConfiguration;
			buildSettings = {
				ALWAYS_SEARCH_USER_PATHS = NO;
				ASSETCATALOG_COMPILER_GENERATE_SWIFT_ASSET_SYMBOL_EXTENSIONS = YES;
				CLANG_ANALYZER_NONNULL = YES;
				CLANG_ANALYZER_NUMBER_OBJECT_CONVERSION = YES_AGGRESSIVE;
				CLANG_CXX_LANGUAGE_STANDARD = "gnu++20";
				CLANG_ENABLE_MODULES = YES;
				CLANG_ENABLE_OBJC_ARC = YES;
				CLANG_ENABLE_OBJC_WEAK = YES;
				CLANG_WARN_BLOCK_CAPTURE_AUTORELEASING = YES;
				CLANG_WARN_BOOL_CONVERSION = YES;
				CLANG_WARN_COMMA = YES;
				CLANG_WARN_CONSTANT_CONVERSION = YES;
				CLANG_WARN_DEPRECATED_OBJC_IMPLEMENTATIONS = YES;
				CLANG_WARN_DIRECT_OBJC_ISA_USAGE = YES_ERROR;
				CLANG_WARN_DOCUMENTATION_COMMENTS = YES;
				CLANG_WARN_EMPTY_BODY = YES;
				CLANG_WARN_ENUM_CONVERSION = YES;
				CLANG_WARN_INFINITE_RECURSION = YES;
				CLANG_WARN_INT_CONVERSION = YES;
				CLANG_WARN_NON_LITERAL_NULL_CONVERSION = YES;
				CLANG_WARN_OBJC_IMPLICIT_RETAIN_SELF = YES;
				CLANG_WARN_OBJC_LITERAL_CONVERSION = YES;
				CLANG_WARN_OBJC_ROOT_CLASS = YES_ERROR;
				CLANG_WARN_QUOTED_INCLUDE_IN_FRAMEWORK_HEADER = YES;
				CLANG_WARN_RANGE_LOOP_ANALYSIS = YES;
				CLANG_WARN_STRICT_PROTOTYPES = YES;
				CLANG_WARN_SUSPICIOUS_MOVE = YES;
				CLANG_WARN_UNGUARDED_AVAILABILITY = YES_AGGRESSIVE;
				CLANG_WARN_UNREACHABLE_CODE = YES;
				CLANG_WARN__DUPLICATE_METHOD_MATCH = YES;
				COPY_PHASE_STRIP = NO;
				DEBUG_INFORMATION_FORMAT = dwarf;
				DEVELOPMENT_TEAM = W9Z3CDZK39;
				ENABLE_STRICT_OBJC_MSGSEND = YES;
				ENABLE_TESTABILITY = YES;
				ENABLE_USER_SCRIPT_SANDBOXING = YES;
				GCC_C_LANGUAGE_STANDARD = gnu17;
				GCC_DYNAMIC_NO_PIC = NO;
				GCC_NO_COMMON_BLOCKS = YES;
				GCC_OPTIMIZATION_LEVEL = 0;
				GCC_PREPROCESSOR_DEFINITIONS = (
					"DEBUG=1",
					"$(inherited)",
				);
				GCC_WARN_64_TO_32_BIT_CONVERSION = YES;
				GCC_WARN_ABOUT_RETURN_TYPE = YES_ERROR;
				GCC_WARN_UNDECLARED_SELECTOR = YES;
				GCC_WARN_UNINITIALIZED_AUTOS = YES_AGGRESSIVE;
				GCC_WARN_UNUSED_FUNCTION = YES;
				GCC_WARN_UNUSED_VARIABLE = YES;
				IPHONEOS_DEPLOYMENT_TARGET = 18.5;
				LOCALIZATION_PREFERS_STRING_CATALOGS = YES;
				MTL_ENABLE_DEBUG_INFO = INCLUDE_SOURCE;
				MTL_FAST_MATH = YES;
				ONLY_ACTIVE_ARCH = YES;
				SDKROOT = iphoneos;
				SWIFT_ACTIVE_COMPILATION_CONDITIONS = "DEBUG $(inherited)";
				SWIFT_OPTIMIZATION_LEVEL = "-Onone";
			};
			name = Debug;
		};
		606CA8472E85DC0C00D5B4A1 /* Release */ = {
			isa = XCBuildConfiguration;
			buildSettings = {
				ALWAYS_SEARCH_USER_PATHS = NO;
				ASSETCATALOG_COMPILER_GENERATE_SWIFT_ASSET_SYMBOL_EXTENSIONS = YES;
				CLANG_ANALYZER_NONNULL = YES;
				CLANG_ANALYZER_NUMBER_OBJECT_CONVERSION = YES_AGGRESSIVE;
				CLANG_CXX_LANGUAGE_STANDARD = "gnu++20";
				CLANG_ENABLE_MODULES = YES;
				CLANG_ENABLE_OBJC_ARC = YES;
				CLANG_ENABLE_OBJC_WEAK = YES;
				CLANG_WARN_BLOCK_CAPTURE_AUTORELEASING = YES;
				CLANG_WARN_BOOL_CONVERSION = YES;
				CLANG_WARN_COMMA = YES;
				CLANG_WARN_CONSTANT_CONVERSION = YES;
				CLANG_WARN_DEPRECATED_OBJC_IMPLEMENTATIONS = YES;
				CLANG_WARN_DIRECT_OBJC_ISA_USAGE = YES_ERROR;
				CLANG_WARN_DOCUMENTATION_COMMENTS = YES;
				CLANG_WARN_EMPTY_BODY = YES;
				CLANG_WARN_ENUM_CONVERSION = YES;
				CLANG_WARN_INFINITE_RECURSION = YES;
				CLANG_WARN_INT_CONVERSION = YES;
				CLANG_WARN_NON_LITERAL_NULL_CONVERSION = YES;
				CLANG_WARN_OBJC_IMPLICIT_RETAIN_SELF = YES;
				CLANG_WARN_OBJC_LITERAL_CONVERSION = YES;
				CLANG_WARN_OBJC_ROOT_CLASS = YES_ERROR;
				CLANG_WARN_QUOTED_INCLUDE_IN_FRAMEWORK_HEADER = YES;
				CLANG_WARN_RANGE_LOOP_ANALYSIS = YES;
				CLANG_WARN_STRICT_PROTOTYPES = YES;
				CLANG_WARN_SUSPICIOUS_MOVE = YES;
				CLANG_WARN_UNGUARDED_AVAILABILITY = YES_AGGRESSIVE;
				CLANG_WARN_UNREACHABLE_CODE = YES;
				CLANG_WARN__DUPLICATE_METHOD_MATCH = YES;
				COPY_PHASE_STRIP = NO;
				DEBUG_INFORMATION_FORMAT = "dwarf-with-dsym";
				DEVELOPMENT_TEAM = W9Z3CDZK39;
				ENABLE_NS_ASSERTIONS = NO;
				ENABLE_STRICT_OBJC_MSGSEND = YES;
				ENABLE_USER_SCRIPT_SANDBOXING = YES;
				GCC_C_LANGUAGE_STANDARD = gnu17;
				GCC_NO_COMMON_BLOCKS = YES;
				GCC_WARN_64_TO_32_BIT_CONVERSION = YES;
				GCC_WARN_ABOUT_RETURN_TYPE = YES_ERROR;
				GCC_WARN_UNDECLARED_SELECTOR = YES;
				GCC_WARN_UNINITIALIZED_AUTOS = YES_AGGRESSIVE;
				GCC_WARN_UNUSED_FUNCTION = YES;
				GCC_WARN_UNUSED_VARIABLE = YES;
				IPHONEOS_DEPLOYMENT_TARGET = 18.5;
				LOCALIZATION_PREFERS_STRING_CATALOGS = YES;
				MTL_ENABLE_DEBUG_INFO = NO;
				MTL_FAST_MATH = YES;
				SDKROOT = iphoneos;
				SWIFT_COMPILATION_MODE = wholemodule;
				VALIDATE_PRODUCT = YES;
			};
			name = Release;
		};
		606CA8492E85DC0C00D5B4A1 /* Debug */ = {
			isa = XCBuildConfiguration;
			buildSettings = {
				ASSETCATALOG_COMPILER_APPICON_NAME = AppIcon;
				ASSETCATALOG_COMPILER_GLOBAL_ACCENT_COLOR_NAME = AccentColor;
				CODE_SIGN_STYLE = Automatic;
				CURRENT_PROJECT_VERSION = 1;
				DEVELOPMENT_TEAM = W9Z3CDZK39;
				ENABLE_PREVIEWS = YES;
				GENERATE_INFOPLIST_FILE = YES;
				INFOPLIST_KEY_UIApplicationSceneManifest_Generation = YES;
				INFOPLIST_KEY_UIApplicationSupportsIndirectInputEvents = YES;
				INFOPLIST_KEY_UILaunchScreen_Generation = YES;
				INFOPLIST_KEY_UISupportedInterfaceOrientations_iPad = "UIInterfaceOrientationPortrait UIInterfaceOrientationPortraitUpsideDown UIInterfaceOrientationLandscapeLeft UIInterfaceOrientationLandscapeRight";
				INFOPLIST_KEY_UISupportedInterfaceOrientations_iPhone = "UIInterfaceOrientationPortrait UIInterfaceOrientationLandscapeLeft UIInterfaceOrientationLandscapeRight";
				LD_RUNPATH_SEARCH_PATHS = (
					"$(inherited)",
					"@executable_path/Frameworks",
				);
				MARKETING_VERSION = 1.0;
				PRODUCT_BUNDLE_IDENTIFIER = "CTC.animation-project";
				PRODUCT_NAME = "$(TARGET_NAME)";
				SWIFT_EMIT_LOC_STRINGS = YES;
				SWIFT_VERSION = 5.0;
				TARGETED_DEVICE_FAMILY = "1,2";
			};
			name = Debug;
		};
		606CA84A2E85DC0C00D5B4A1 /* Release */ = {
			isa = XCBuildConfiguration;
			buildSettings = {
				ASSETCATALOG_COMPILER_APPICON_NAME = AppIcon;
				ASSETCATALOG_COMPILER_GLOBAL_ACCENT_COLOR_NAME = AccentColor;
				CODE_SIGN_STYLE = Automatic;
				CURRENT_PROJECT_VERSION = 1;
				DEVELOPMENT_TEAM = W9Z3CDZK39;
				ENABLE_PREVIEWS = YES;
				GENERATE_INFOPLIST_FILE = YES;
				INFOPLIST_KEY_UIApplicationSceneManifest_Generation = YES;
				INFOPLIST_KEY_UIApplicationSupportsIndirectInputEvents = YES;
				INFOPLIST_KEY_UILaunchScreen_Generation = YES;
				INFOPLIST_KEY_UISupportedInterfaceOrientations_iPad = "UIInterfaceOrientationPortrait UIInterfaceOrientationPortraitUpsideDown UIInterfaceOrientationLandscapeLeft UIInterfaceOrientationLandscapeRight";
				INFOPLIST_KEY_UISupportedInterfaceOrientations_iPhone = "UIInterfaceOrientationPortrait UIInterfaceOrientationLandscapeLeft UIInterfaceOrientationLandscapeRight";
				LD_RUNPATH_SEARCH_PATHS = (
					"$(inherited)",
					"@executable_path/Frameworks",
				);
				MARKETING_VERSION = 1.0;
				PRODUCT_BUNDLE_IDENTIFIER = "CTC.animation-project";
				PRODUCT_NAME = "$(TARGET_NAME)";
				SWIFT_EMIT_LOC_STRINGS = YES;
				SWIFT_VERSION = 5.0;
				TARGETED_DEVICE_FAMILY = "1,2";
			};
			name = Release;
		};
		606CA84C2E85DC0C00D5B4A1 /* Debug */ = {
			isa = XCBuildConfiguration;
			buildSettings = {
				BUNDLE_LOADER = "$(TEST_HOST)";
				CODE_SIGN_STYLE = Automatic;
				CURRENT_PROJECT_VERSION = 1;
				DEVELOPMENT_TEAM = W9Z3CDZK39;
				GENERATE_INFOPLIST_FILE = YES;
				IPHONEOS_DEPLOYMENT_TARGET = 18.5;
				MARKETING_VERSION = 1.0;
				PRODUCT_BUNDLE_IDENTIFIER = "CTC.animation-projectTests";
				PRODUCT_NAME = "$(TARGET_NAME)";
				SWIFT_EMIT_LOC_STRINGS = NO;
				SWIFT_VERSION = 5.0;
				TARGETED_DEVICE_FAMILY = "1,2";
				TEST_HOST = "$(BUILT_PRODUCTS_DIR)/animation project.app/$(BUNDLE_EXECUTABLE_FOLDER_PATH)/animation project";
			};
			name = Debug;
		};
		606CA84D2E85DC0C00D5B4A1 /* Release */ = {
			isa = XCBuildConfiguration;
			buildSettings = {
				BUNDLE_LOADER = "$(TEST_HOST)";
				CODE_SIGN_STYLE = Automatic;
				CURRENT_PROJECT_VERSION = 1;
				DEVELOPMENT_TEAM = W9Z3CDZK39;
				GENERATE_INFOPLIST_FILE = YES;
				IPHONEOS_DEPLOYMENT_TARGET = 18.5;
				MARKETING_VERSION = 1.0;
				PRODUCT_BUNDLE_IDENTIFIER = "CTC.animation-projectTests";
				PRODUCT_NAME = "$(TARGET_NAME)";
				SWIFT_EMIT_LOC_STRINGS = NO;
				SWIFT_VERSION = 5.0;
				TARGETED_DEVICE_FAMILY = "1,2";
				TEST_HOST = "$(BUILT_PRODUCTS_DIR)/animation project.app/$(BUNDLE_EXECUTABLE_FOLDER_PATH)/animation project";
			};
			name = Release;
		};
		606CA84F2E85DC0C00D5B4A1 /* Debug */ = {
			isa = XCBuildConfiguration;
			buildSettings = {
				CODE_SIGN_STYLE = Automatic;
				CURRENT_PROJECT_VERSION = 1;
				DEVELOPMENT_TEAM = W9Z3CDZK39;
				GENERATE_INFOPLIST_FILE = YES;
				MARKETING_VERSION = 1.0;
				PRODUCT_BUNDLE_IDENTIFIER = "CTC.animation-projectUITests";
				PRODUCT_NAME = "$(TARGET_NAME)";
				SWIFT_EMIT_LOC_STRINGS = NO;
				SWIFT_VERSION = 5.0;
				TARGETED_DEVICE_FAMILY = "1,2";
				TEST_TARGET_NAME = "animation project";
			};
			name = Debug;
		};
		606CA8502E85DC0C00D5B4A1 /* Release */ = {
			isa = XCBuildConfiguration;
			buildSettings = {
				CODE_SIGN_STYLE = Automatic;
				CURRENT_PROJECT_VERSION = 1;
				DEVELOPMENT_TEAM = W9Z3CDZK39;
				GENERATE_INFOPLIST_FILE = YES;
				MARKETING_VERSION = 1.0;
				PRODUCT_BUNDLE_IDENTIFIER = "CTC.animation-projectUITests";
				PRODUCT_NAME = "$(TARGET_NAME)";
				SWIFT_EMIT_LOC_STRINGS = NO;
				SWIFT_VERSION = 5.0;
				TARGETED_DEVICE_FAMILY = "1,2";
				TEST_TARGET_NAME = "animation project";
			};
			name = Release;
		};
/* End XCBuildConfiguration section */

/* Begin XCConfigurationList section */
		606CA8222E85DC0800D5B4A1 /* Build configuration list for PBXProject "animation project" */ = {
			isa = XCConfigurationList;
			buildConfigurations = (
				606CA8462E85DC0C00D5B4A1 /* Debug */,
				606CA8472E85DC0C00D5B4A1 /* Release */,
			);
			defaultConfigurationIsVisible = 0;
			defaultConfigurationName = Release;
		};
		606CA8482E85DC0C00D5B4A1 /* Build configuration list for PBXNativeTarget "animation project" */ = {
			isa = XCConfigurationList;
			buildConfigurations = (
				606CA8492E85DC0C00D5B4A1 /* Debug */,
				606CA84A2E85DC0C00D5B4A1 /* Release */,
			);
			defaultConfigurationIsVisible = 0;
			defaultConfigurationName = Release;
		};
		606CA84B2E85DC0C00D5B4A1 /* Build configuration list for PBXNativeTarget "animation projectTests" */ = {
			isa = XCConfigurationList;
			buildConfigurations = (
				606CA84C2E85DC0C00D5B4A1 /* Debug */,
				606CA84D2E85DC0C00D5B4A1 /* Release */,
			);
			defaultConfigurationIsVisible = 0;
			defaultConfigurationName = Release;
		};
		606CA84E2E85DC0C00D5B4A1 /* Build configuration list for PBXNativeTarget "animation projectUITests" */ = {
			isa = XCConfigurationList;
			buildConfigurations = (
				606CA84F2E85DC0C00D5B4A1 /* Debug */,
				606CA8502E85DC0C00D5B4A1 /* Release */,
			);
			defaultConfigurationIsVisible = 0;
			defaultConfigurationName = Release;
		};
/* End XCConfigurationList section */
	};
	rootObject = 606CA81F2E85DC0800D5B4A1 /* Project object */;
}
